
Microsoft Visual Studio Solution File, Format Version 12.00
# Visual Studio Version 16
VisualStudioVersion = 16.0.30611.23
MinimumVisualStudioVersion = 15.0.26124.0
Project("{FAE04EC0-301F-11D3-BF4B-00C04F79EFBC}") = "Behk4.Objects", "Objects/Behk4.Objects.csproj", "17559613-90da-45e7-b425-e8eb0b56ee82"
EndProject
Project("{FAE04EC0-301F-11D3-BF4B-00C04F79EFBC}") = "Behk4.Tests", "Tests/Behk4.Tests.csproj", "40f5d4e8-b1bc-4458-bb57-01ab211aba61"
EndProject
Project("{FAE04EC0-301F-11D3-BF4B-00C04F79EFBC}") = "Behk4.ODataBackend", "ODataBackend/Behk4.ODataBackend.csproj", "c9d89351-d50a-4ad9-8cbe-89b8ce542589"
EndProject
Project("{FAE04EC0-301F-11D3-BF4B-00C04F79EFBC}") = "Behk4.IntegrationTests", "IntegrationTests/Behk4.IntegrationTests.csproj", "b5b223c1-b0d6-4415-ba12-37d1389d8c28"
EndProject
Global
	GlobalSection(SolutionConfigurationPlatforms) = preSolution
Debug|Any CPU = Debug|Any CPU
Release|Any CPU = Release|Any CPU
	EndGlobalSection
	GlobalSection(ProjectConfigurationPlatforms) = postSolution
		17559613-90da-45e7-b425-e8eb0b56ee82.Debug|Any CPU.ActiveCfg = Debug|Any CPU
		17559613-90da-45e7-b425-e8eb0b56ee82.Debug|Any CPU.Build.0 = Debug|Any CPU
		17559613-90da-45e7-b425-e8eb0b56ee82.Release|Any CPU.ActiveCfg = Release|Any CPU
		17559613-90da-45e7-b425-e8eb0b56ee82.Release|Any CPU.Build.0 = Release|Any CPU
		40f5d4e8-b1bc-4458-bb57-01ab211aba61.Debug|Any CPU.ActiveCfg = Debug|Any CPU
		40f5d4e8-b1bc-4458-bb57-01ab211aba61.Debug|Any CPU.Build.0 = Debug|Any CPU
		40f5d4e8-b1bc-4458-bb57-01ab211aba61.Release|Any CPU.ActiveCfg = Release|Any CPU
		40f5d4e8-b1bc-4458-bb57-01ab211aba61.Release|Any CPU.Build.0 = Release|Any CPU
		c9d89351-d50a-4ad9-8cbe-89b8ce542589.Debug|Any CPU.ActiveCfg = Debug|Any CPU
		c9d89351-d50a-4ad9-8cbe-89b8ce542589.Debug|Any CPU.Build.0 = Debug|Any CPU
		c9d89351-d50a-4ad9-8cbe-89b8ce542589.Release|Any CPU.ActiveCfg = Release|Any CPU
		c9d89351-d50a-4ad9-8cbe-89b8ce542589.Release|Any CPU.Build.0 = Release|Any CPU
		b5b223c1-b0d6-4415-ba12-37d1389d8c28.Debug|Any CPU.ActiveCfg = Debug|Any CPU
		b5b223c1-b0d6-4415-ba12-37d1389d8c28.Debug|Any CPU.Build.0 = Debug|Any CPU
		b5b223c1-b0d6-4415-ba12-37d1389d8c28.Release|Any CPU.ActiveCfg = Release|Any CPU
		b5b223c1-b0d6-4415-ba12-37d1389d8c28.Release|Any CPU.Build.0 = Release|Any CPU
	EndGlobalSection
	GlobalSection(SolutionProperties) = preSolution
		HideSolutionNode = FALSE
	EndGlobalSection
EndGlobal
